
Microsoft Visual Studio Solution File, Format Version 12.00
# Visual Studio 15
VisualStudioVersion = 15.0.28010.2003
MinimumVisualStudioVersion = 10.0.40219.1
Project("{FAE04EC0-301F-11D3-BF4B-00C04F79EFBC}") = "RapidSerializer", "..\RapidSerializer\RapidSerializer.csproj", "{BFD6530A-F8A0-4C1F-AAFC-7EC87BE282D0}"
EndProject
Project("{FAE04EC0-301F-11D3-BF4B-00C04F79EFBC}") = "CpReflection", "..\CpReflection\CpReflection\CpReflection.csproj", "{8CF66CEC-4538-4F56-96BA-37C07604D65C}"
EndProject
Project("{FAE04EC0-301F-11D3-BF4B-00C04F79EFBC}") = "Tests", "..\Tests\Tests.csproj", "{811AF2D0-A539-4CD9-B64A-DB8CFCD6F431}"
EndProject
Global
	GlobalSection(SolutionConfigurationPlatforms) = preSolution
		Debug|Any CPU = Debug|Any CPU
		Release|Any CPU = Release|Any CPU
	EndGlobalSection
	GlobalSection(ProjectConfigurationPlatforms) = postSolution
		{BFD6530A-F8A0-4C1F-AAFC-7EC87BE282D0}.Debug|Any CPU.ActiveCfg = Debug|Any CPU
		{BFD6530A-F8A0-4C1F-AAFC-7EC87BE282D0}.Debug|Any CPU.Build.0 = Debug|Any CPU
		{BFD6530A-F8A0-4C1F-AAFC-7EC87BE282D0}.Release|Any CPU.ActiveCfg = Release|Any CPU
		{BFD6530A-F8A0-4C1F-AAFC-7EC87BE282D0}.Release|Any CPU.Build.0 = Release|Any CPU
		{8CF66CEC-4538-4F56-96BA-37C07604D65C}.Debug|Any CPU.ActiveCfg = Debug|Any CPU
		{8CF66CEC-4538-4F56-96BA-37C07604D65C}.Debug|Any CPU.Build.0 = Debug|Any CPU
		{8CF66CEC-4538-4F56-96BA-37C07604D65C}.Release|Any CPU.ActiveCfg = Release|Any CPU
		{8CF66CEC-4538-4F56-96BA-37C07604D65C}.Release|Any CPU.Build.0 = Release|Any CPU
		{811AF2D0-A539-4CD9-B64A-DB8CFCD6F431}.Debug|Any CPU.ActiveCfg = Debug|Any CPU
		{811AF2D0-A539-4CD9-B64A-DB8CFCD6F431}.Debug|Any CPU.Build.0 = Debug|Any CPU
		{811AF2D0-A539-4CD9-B64A-DB8CFCD6F431}.Release|Any CPU.ActiveCfg = Release|Any CPU
		{811AF2D0-A539-4CD9-B64A-DB8CFCD6F431}.Release|Any CPU.Build.0 = Release|Any CPU
	EndGlobalSection
	GlobalSection(SolutionProperties) = preSolution
		HideSolutionNode = FALSE
	EndGlobalSection
	GlobalSection(ExtensibilityGlobals) = postSolution
		SolutionGuid = {547D227B-F55D-4EDC-B573-0B6BB0EEDF3E}
	EndGlobalSection
EndGlobal
